
Microsoft Visual Studio Solution File, Format Version 12.00
Project("{FAE04EC0-301F-11D3-BF4B-00C04F79EFBC}") = "App1", "App1\App1.csproj", "{8CDCB889-79D2-4C84-8E18-1C1E69005517}"
EndProject
Project("{FAE04EC0-301F-11D3-BF4B-00C04F79EFBC}") = "App2", "App2\App2.csproj", "{377D2DC1-8DB1-4CD1-A9E4-7009AAEABFC8}"
EndProject
Global
	GlobalSection(SolutionConfigurationPlatforms) = preSolution
		Debug|Any CPU = Debug|Any CPU
		Release|Any CPU = Release|Any CPU
	EndGlobalSection
	GlobalSection(ProjectConfigurationPlatforms) = postSolution
		{8CDCB889-79D2-4C84-8E18-1C1E69005517}.Debug|Any CPU.ActiveCfg = Debug|Any CPU
		{8CDCB889-79D2-4C84-8E18-1C1E69005517}.Debug|Any CPU.Build.0 = Debug|Any CPU
		{8CDCB889-79D2-4C84-8E18-1C1E69005517}.Release|Any CPU.ActiveCfg = Release|Any CPU
		{8CDCB889-79D2-4C84-8E18-1C1E69005517}.Release|Any CPU.Build.0 = Release|Any CPU
		{377D2DC1-8DB1-4CD1-A9E4-7009AAEABFC8}.Debug|Any CPU.ActiveCfg = Debug|Any CPU
		{377D2DC1-8DB1-4CD1-A9E4-7009AAEABFC8}.Debug|Any CPU.Build.0 = Debug|Any CPU
		{377D2DC1-8DB1-4CD1-A9E4-7009AAEABFC8}.Release|Any CPU.ActiveCfg = Release|Any CPU
		{377D2DC1-8DB1-4CD1-A9E4-7009AAEABFC8}.Release|Any CPU.Build.0 = Release|Any CPU
	EndGlobalSection
EndGlobal
