
Microsoft Visual Studio Solution File, Format Version 12.00
Project("{FAE04EC0-301F-11D3-BF4B-00C04F79EFBC}") = "App1", "App1\App1.csproj", "{168639D5-E861-4E74-B7E0-1E0B0FCD5407}"
EndProject
Project("{FAE04EC0-301F-11D3-BF4B-00C04F79EFBC}") = "App2", "App2\App2.csproj", "{F18CF9D2-F464-4D01-AF74-AA6D3DE527A0}"
EndProject
Global
	GlobalSection(SolutionConfigurationPlatforms) = preSolution
		Debug|Any CPU = Debug|Any CPU
		Release|Any CPU = Release|Any CPU
	EndGlobalSection
	GlobalSection(ProjectConfigurationPlatforms) = postSolution
		{168639D5-E861-4E74-B7E0-1E0B0FCD5407}.Debug|Any CPU.ActiveCfg = Debug|Any CPU
		{168639D5-E861-4E74-B7E0-1E0B0FCD5407}.Debug|Any CPU.Build.0 = Debug|Any CPU
		{168639D5-E861-4E74-B7E0-1E0B0FCD5407}.Release|Any CPU.ActiveCfg = Release|Any CPU
		{168639D5-E861-4E74-B7E0-1E0B0FCD5407}.Release|Any CPU.Build.0 = Release|Any CPU
		{F18CF9D2-F464-4D01-AF74-AA6D3DE527A0}.Debug|Any CPU.ActiveCfg = Debug|Any CPU
		{F18CF9D2-F464-4D01-AF74-AA6D3DE527A0}.Debug|Any CPU.Build.0 = Debug|Any CPU
		{F18CF9D2-F464-4D01-AF74-AA6D3DE527A0}.Release|Any CPU.ActiveCfg = Release|Any CPU
		{F18CF9D2-F464-4D01-AF74-AA6D3DE527A0}.Release|Any CPU.Build.0 = Release|Any CPU
	EndGlobalSection
EndGlobal
